{
  "projects": [
    {
      "projectId": "szjgMQpPpxhmkjnaBvZQJG",
      "version": "1.0.4",
      "dependencies": {},
      "lang": "ts",
      "fileLocks": [
        {
          "type": "globalVariant",
          "assetId": "ckLLdnw4lO",
          "checksum": "cc55311cbf027bd3c58f035249c4481a"
        },
        {
          "assetId": "szjgMQpPpxhmkjnaBvZQJG",
          "type": "projectCss",
          "checksum": "333ea50d389ae8cdc5cce45cdbdb5b31"
        }
      ],
      "codegenVersion": "0.0.1"
    },
    {
      "projectId": "58GpZjZCWTaJ8AUhpCwt2K",
      "version": "2.1.2",
      "dependencies": {},
      "lang": "ts",
      "fileLocks": [
        {
          "assetId": "58GpZjZCWTaJ8AUhpCwt2K",
          "type": "projectCss",
          "checksum": "b9208ebde07664c511843b91e5845954"
        }
      ],
      "codegenVersion": "0.0.1"
    },
    {
      "projectId": "oYWp5DRpUvyyRAKjSJya8K",
      "version": "latest",
      "dependencies": {
        "58GpZjZCWTaJ8AUhpCwt2K": "2.1.2",
        "szjgMQpPpxhmkjnaBvZQJG": "1.0.4",
        "84wxoth5npGrp6RRXPL88z": "4.0.1"
      },
      "lang": "ts",
      "fileLocks": [
        {
          "type": "globalVariant",
          "assetId": "E9M6Sv34sLfhdD",
          "checksum": "09a239f05198507e95ec834fd5375bd9"
        },
        {
          "type": "renderModule",
          "assetId": "S20px5CzyEuzZP",
          "checksum": "0d6251b3f50a9079a8b09a5781375d91"
        },
        {
          "type": "cssRules",
          "assetId": "S20px5CzyEuzZP",
          "checksum": "0d6251b3f50a9079a8b09a5781375d91"
        },
        {
          "type": "renderModule",
          "assetId": "cpYU5wUK7lP6LN",
          "checksum": "7d1e7f1fb40eb78a77c5f970dee90eec"
        },
        {
          "type": "cssRules",
          "assetId": "cpYU5wUK7lP6LN",
          "checksum": "7d1e7f1fb40eb78a77c5f970dee90eec"
        },
        {
          "type": "renderModule",
          "assetId": "LTBbkVGBYra5OY",
          "checksum": "78101ab2eb7fcbd4ad4945eb69252048"
        },
        {
          "type": "cssRules",
          "assetId": "LTBbkVGBYra5OY",
          "checksum": "78101ab2eb7fcbd4ad4945eb69252048"
        },
        {
          "type": "renderModule",
          "assetId": "xhYwCOvawVLQzw",
          "checksum": "af289d188cd568520cff82abfb810d03"
        },
        {
          "type": "cssRules",
          "assetId": "xhYwCOvawVLQzw",
          "checksum": "af289d188cd568520cff82abfb810d03"
        },
        {
          "type": "renderModule",
          "assetId": "tA99duboCCefN-",
          "checksum": "8aeb840f30882a6168b4301505546258"
        },
        {
          "type": "cssRules",
          "assetId": "tA99duboCCefN-",
          "checksum": "8aeb840f30882a6168b4301505546258"
        },
        {
          "type": "renderModule",
          "assetId": "EYLZW5oNmE",
          "checksum": "447d11db575cb25bfb70529ab38841e5"
        },
        {
          "type": "cssRules",
          "assetId": "EYLZW5oNmE",
          "checksum": "447d11db575cb25bfb70529ab38841e5"
        },
        {
          "type": "renderModule",
          "assetId": "_q4tup-702",
          "checksum": "f2c32812480dbd6c71584e08fb2a99d7"
        },
        {
          "type": "cssRules",
          "assetId": "_q4tup-702",
          "checksum": "f2c32812480dbd6c71584e08fb2a99d7"
        },
        {
          "type": "renderModule",
          "assetId": "1NPCYKvqMbV",
          "checksum": "504145a85ed47b7c913010ce320af4a3"
        },
        {
          "type": "cssRules",
          "assetId": "1NPCYKvqMbV",
          "checksum": "504145a85ed47b7c913010ce320af4a3"
        },
        {
          "type": "icon",
          "assetId": "F-2UjxyFUYtBFl",
          "checksum": "98ed7f2469ad8f3b428b31a4cdaafe84"
        },
        {
          "type": "icon",
          "assetId": "yOncxZkGAz-c6D",
          "checksum": "66ff497d017d2aaa7d166979298149b2"
        },
        {
          "type": "icon",
          "assetId": "eb8VEsuDGWpods",
          "checksum": "15fc30c19bd57a848aed6f9502347e4c"
        },
        {
          "type": "icon",
          "assetId": "j9BxXMDoB-CiVw",
          "checksum": "9b1dbfeec62f3d97272053c06b7b4682"
        },
        {
          "type": "icon",
          "assetId": "KUDfYZwrWRvTDC",
          "checksum": "3c18ef52c45dd5c2ed6d1ee9ae319f70"
        },
        {
          "type": "icon",
          "assetId": "yxBFPX9oLwlnFz",
          "checksum": "787d6fe0ada09001b3f7215a9cc0aa08"
        },
        {
          "type": "icon",
          "assetId": "IradBadVvV69_r",
          "checksum": "2e2ac3d37e9a1483c96809523830a20f"
        },
        {
          "type": "icon",
          "assetId": "Xf7EckiSKK-eKU",
          "checksum": "2d3939f89e45104a5de8a55d6c38888e"
        },
        {
          "type": "icon",
          "assetId": "uHyTvaySnM5wDP",
          "checksum": "69c75bbe642271d50877a4fcbe7382ad"
        },
        {
          "type": "icon",
          "assetId": "sftnhYtKwUwnuk",
          "checksum": "1562bdb1f7a359a4780a469ce273e9a6"
        },
        {
          "type": "icon",
          "assetId": "oDtqcoglz4hZXl",
          "checksum": "59f722687e4d6b73d6db04b803d76b09"
        },
        {
          "type": "image",
          "assetId": "4gALtcFWDKaEQv",
          "checksum": "e6f47d207135043fa24d4c8e2ef143d7"
        },
        {
          "type": "image",
          "assetId": "BpnMrimbBkKSsD",
          "checksum": "357cea77ec75a69a6ca9e908e5c8b96c"
        },
        {
          "type": "image",
          "assetId": "Y7wom6eOFXgMPZ",
          "checksum": "c17e2ccb22431de39d62a43da5957c58"
        },
        {
          "type": "image",
          "assetId": "F9OKKp29RFSMD7",
          "checksum": "e991e14c45ef155f956c856b61a996a4"
        },
        {
          "type": "image",
          "assetId": "zwCEpLml2uj8qa",
          "checksum": "96268dfd7146fbccad271368f3e4fc06"
        },
        {
          "type": "image",
          "assetId": "WIvfcNFwZBX0gC",
          "checksum": "e2612c08c96235b9bea67747b95ca035"
        },
        {
          "type": "image",
          "assetId": "7XXAcRXMyiyiM9",
          "checksum": "d52f6d0dcbec402c9168fabd7120e39a"
        },
        {
          "type": "image",
          "assetId": "eJt-JOwUJ-qvVZ",
          "checksum": "224cbf7260e7302fefa82262f551b6bd"
        },
        {
          "type": "image",
          "assetId": "dvLe-xXgwEolNX",
          "checksum": "ae5b81d8de5508eb9cef28a41caa85e1"
        },
        {
          "type": "image",
          "assetId": "PIuKpfiX4081Rq",
          "checksum": "e9b02741c88ec71dfd3c36abf6fbde9b"
        },
        {
          "type": "image",
          "assetId": "GNh-7mptN3Bi01",
          "checksum": "8c0c6853459b4c4c78dde0b51f835091"
        },
        {
          "type": "image",
          "assetId": "ZRUbDWtUgRmfzf",
          "checksum": "7014e70e3e6845f1c8f083be422a8434"
        },
        {
          "type": "image",
          "assetId": "RElACmiK48TKj4",
          "checksum": "0a6ce61f121717e2960f546f8c48b67f"
        },
        {
          "type": "image",
          "assetId": "kza7Yb-sC082D8",
          "checksum": "6459fea9c33bd740bd95caaa1b0b0b75"
        },
        {
          "type": "image",
          "assetId": "fawsxKzqDsWDJy",
          "checksum": "26a35feb406ca0a766a6b78f2caa3abb"
        },
        {
          "type": "image",
          "assetId": "gMcNhfHR9uaUhD",
          "checksum": "5d63cab2601f7a063c8fcb59950aec2a"
        },
        {
          "type": "image",
          "assetId": "Nixh4s8qBWqNUK",
          "checksum": "bf4ddcab1a1138c6dbe252824ed6a3f9"
        },
        {
          "type": "image",
          "assetId": "wa-8LMyXCSwKKS",
          "checksum": "34250bcfa595d7df2060b54dce05308e"
        },
        {
          "type": "image",
          "assetId": "05Fy_R4Fn_FWbY",
          "checksum": "f14a1cbec5079e68ebf38e2f11b987c9"
        },
        {
          "type": "image",
          "assetId": "lLqTrnnwh_xs7z",
          "checksum": "5998b53fe3d155615fc95d44de5991e7"
        },
        {
          "type": "image",
          "assetId": "1Xi8SBLKpDJKW1",
          "checksum": "c0f4ce043aed5e6059a9f0b7e3a46114"
        },
        {
          "type": "image",
          "assetId": "eVpKEBtWJ",
          "checksum": "d0bce3ddb1d67a04f7f890dd2ba4f1ce"
        },
        {
          "type": "image",
          "assetId": "mIHSelbVr",
          "checksum": "2523540d12906864b8964ace1e64ca0d"
        },
        {
          "type": "renderModule",
          "assetId": "tbZMzsoxUp",
          "checksum": "5266df78f17ab107bf951bab8bec0a22"
        },
        {
          "type": "cssRules",
          "assetId": "tbZMzsoxUp",
          "checksum": "5266df78f17ab107bf951bab8bec0a22"
        },
        {
          "type": "renderModule",
          "assetId": "cvsUN9fRgF",
          "checksum": "a3f991aaf2fba9768da38ecf7fb9bb13"
        },
        {
          "type": "cssRules",
          "assetId": "cvsUN9fRgF",
          "checksum": "a3f991aaf2fba9768da38ecf7fb9bb13"
        },
        {
          "type": "renderModule",
          "assetId": "9dcKxjGUEU",
          "checksum": "810b0d9208d809064d8bf9c7f2af4f1f"
        },
        {
          "type": "cssRules",
          "assetId": "9dcKxjGUEU",
          "checksum": "810b0d9208d809064d8bf9c7f2af4f1f"
        },
        {
          "type": "renderModule",
          "assetId": "DYCjsGhQCR",
          "checksum": "fb1155c87a93e8be02524b3e14f8c355"
        },
        {
          "type": "cssRules",
          "assetId": "DYCjsGhQCR",
          "checksum": "fb1155c87a93e8be02524b3e14f8c355"
        },
        {
          "type": "image",
          "assetId": "AfarJGV-x",
          "checksum": "223a8275e70d6406c17f8943faa6093d"
        },
        {
          "assetId": "oYWp5DRpUvyyRAKjSJya8K",
          "checksum": "1899ea7d5d4ac6f4b618ca77190c0814",
          "type": "globalContexts"
        },
        {
          "assetId": "oYWp5DRpUvyyRAKjSJya8K",
          "type": "projectCss",
          "checksum": "c5116dd7fca374bc056c8b89e92544a7"
        },
        {
          "type": "image",
          "assetId": "Kb9Khcgdx",
          "checksum": "10e74eab120ac4c574f3cb89f6efdbd3"
        }
      ],
      "codegenVersion": "0.0.1"
    },
    {
      "projectId": "84wxoth5npGrp6RRXPL88z",
      "version": "4.0.1",
      "dependencies": {},
      "lang": "ts",
      "fileLocks": [
        {
          "assetId": "84wxoth5npGrp6RRXPL88z",
          "type": "projectCss",
          "checksum": "5c8ed3f9d21de61cb1f7d14b9fa7a39a"
        },
        {
          "assetId": "84wxoth5npGrp6RRXPL88z",
          "checksum": "96a6914c3505128734b325290a18cb2c",
          "type": "globalContexts"
        }
      ],
      "codegenVersion": "0.0.1"
    }
  ],
  "cliVersion": "0.1.178"
}
